
Microsoft Visual Studio Solution File, Format Version 12.00
# Visual Studio Version 17
VisualStudioVersion = 17.6.33815.320
MinimumVisualStudioVersion = 10.0.40219.1
Project("{FAE04EC0-301F-11D3-BF4B-00C04F79EFBC}") = "SIX-API", "SIX-API\SIX-API.csproj", "{821FFA7C-05EC-4253-85F1-6B90FD1520F0}"
EndProject
Project("{FAE04EC0-301F-11D3-BF4B-00C04F79EFBC}") = "SIX.DataENT", "SIX.DataENT\SIX.DataENT.csproj", "{D4B98870-9748-4711-B50D-4A8B548B59A3}"
EndProject
Project("{FAE04EC0-301F-11D3-BF4B-00C04F79EFBC}") = "SIX.DataLogic", "SIX.DataLogic\SIX.DataLogic.csproj", "{05BC4254-4C21-4BAE-93DC-3CACE95C97A2}"
EndProject
Global
	GlobalSection(SolutionConfigurationPlatforms) = preSolution
		Debug|Any CPU = Debug|Any CPU
		Release|Any CPU = Release|Any CPU
	EndGlobalSection
	GlobalSection(ProjectConfigurationPlatforms) = postSolution
		{821FFA7C-05EC-4253-85F1-6B90FD1520F0}.Debug|Any CPU.ActiveCfg = Debug|Any CPU
		{821FFA7C-05EC-4253-85F1-6B90FD1520F0}.Debug|Any CPU.Build.0 = Debug|Any CPU
		{821FFA7C-05EC-4253-85F1-6B90FD1520F0}.Release|Any CPU.ActiveCfg = Release|Any CPU
		{821FFA7C-05EC-4253-85F1-6B90FD1520F0}.Release|Any CPU.Build.0 = Release|Any CPU
		{D4B98870-9748-4711-B50D-4A8B548B59A3}.Debug|Any CPU.ActiveCfg = Debug|Any CPU
		{D4B98870-9748-4711-B50D-4A8B548B59A3}.Debug|Any CPU.Build.0 = Debug|Any CPU
		{D4B98870-9748-4711-B50D-4A8B548B59A3}.Release|Any CPU.ActiveCfg = Release|Any CPU
		{D4B98870-9748-4711-B50D-4A8B548B59A3}.Release|Any CPU.Build.0 = Release|Any CPU
		{05BC4254-4C21-4BAE-93DC-3CACE95C97A2}.Debug|Any CPU.ActiveCfg = Debug|Any CPU
		{05BC4254-4C21-4BAE-93DC-3CACE95C97A2}.Debug|Any CPU.Build.0 = Debug|Any CPU
		{05BC4254-4C21-4BAE-93DC-3CACE95C97A2}.Release|Any CPU.ActiveCfg = Release|Any CPU
		{05BC4254-4C21-4BAE-93DC-3CACE95C97A2}.Release|Any CPU.Build.0 = Release|Any CPU
	EndGlobalSection
	GlobalSection(SolutionProperties) = preSolution
		HideSolutionNode = FALSE
	EndGlobalSection
	GlobalSection(ExtensibilityGlobals) = postSolution
		SolutionGuid = {4BAA71FD-C2FB-4A56-994F-ACBCA22DFA46}
	EndGlobalSection
EndGlobal
